{
  "nodes": {
    "easy-purescript-nix": {
      "flake": false,
      "locked": {
        "lastModified": 1685141330,
        "narHash": "sha256-70jWIYFF/dlxY91Y4awYtAGnNCWbGSWzZwzsd4eorLo=",
        "owner": "f-f",
        "repo": "easy-purescript-nix",
        "rev": "e88b15c2875236af318cfda913ce5a6fa142021b",
        "type": "github"
      },
      "original": {
        "owner": "f-f",
        "repo": "easy-purescript-nix",
        "type": "github"
      }
    },
    "nixpkgs": {
      "locked": {
        "lastModified": 1685043448,
        "narHash": "sha256-U3BwyDc2OzBcZ8tD09qXibyivgOtOQFTFCVgFyJ+6MM=",
        "owner": "NixOS",
        "repo": "nixpkgs",
        "rev": "9886352ec9ab3945896ee8a4185e961fe29df209",
        "type": "github"
      },
      "original": {
        "owner": "NixOS",
        "ref": "nixos-22.11",
        "repo": "nixpkgs",
        "type": "github"
      }
    },
    "root": {
      "inputs": {
        "easy-purescript-nix": "easy-purescript-nix",
        "nixpkgs": "nixpkgs",
        "spago-nix": "spago-nix",
        "utils": "utils"
      }
    },
    "spago-nix": {
      "locked": {
        "lastModified": 1685296145,
        "narHash": "sha256-vijaBGyFjrN80shzf11nWfs/z+mMj5O60mkUHuNgzTc=",
        "owner": "thomashoneyman",
        "repo": "spago-nix",
        "rev": "6d1e8d71bf42ef09684e5dc13f05248a7fffd964",
        "type": "github"
      },
      "original": {
        "owner": "thomashoneyman",
        "repo": "spago-nix",
        "type": "github"
      }
    },
    "systems": {
      "locked": {
        "lastModified": 1681028828,
        "narHash": "sha256-Vy1rq5AaRuLzOxct8nz4T6wlgyUR7zLU309k9mBC768=",
        "owner": "nix-systems",
        "repo": "default",
        "rev": "da67096a3b9bf56a91d16901293e51ba5b49a27e",
        "type": "github"
      },
      "original": {
        "owner": "nix-systems",
        "repo": "default",
        "type": "github"
      }
    },
    "utils": {
      "inputs": {
        "systems": "systems"
      },
      "locked": {
        "lastModified": 1681202837,
        "narHash": "sha256-H+Rh19JDwRtpVPAWp64F+rlEtxUWBAQW28eAi3SRSzg=",
        "owner": "numtide",
        "repo": "flake-utils",
        "rev": "cfacdce06f30d2b68473a46042957675eebb3401",
        "type": "github"
      },
      "original": {
        "owner": "numtide",
        "repo": "flake-utils",
        "type": "github"
      }
    }
  },
  "root": "root",
  "version": 7
}
